
Microsoft Visual Studio Solution File, Format Version 12.00
# Visual Studio 15
VisualStudioVersion = 15.0.28010.2026
MinimumVisualStudioVersion = 10.0.40219.1
Project("{FAE04EC0-301F-11D3-BF4B-00C04F79EFBC}") = "SportsStore.Domain", "..\..\..\..\..\source\repos\SportsStore.Domain\SportsStore.Domain.csproj", "{3880D800-E051-4562-B4BF-A271262ABC17}"
EndProject
Project("{FAE04EC0-301F-11D3-BF4B-00C04F79EFBC}") = "SportsStore.WebUI", "..\..\..\..\..\source\repos\SportsStore.WebUI\SportsStore.WebUI.csproj", "{606DCCAA-B04C-4503-9F0C-4CBDFDD20584}"
EndProject
Project("{FAE04EC0-301F-11D3-BF4B-00C04F79EFBC}") = "SportsStore.UnitTests", "SportsStore.UnitTests\SportsStore.UnitTests.csproj", "{F9900656-2B1B-416E-A9B2-7CC6C313F5E4}"
EndProject
Global
	GlobalSection(SolutionConfigurationPlatforms) = preSolution
		Debug|Any CPU = Debug|Any CPU
		Release|Any CPU = Release|Any CPU
	EndGlobalSection
	GlobalSection(ProjectConfigurationPlatforms) = postSolution
		{3880D800-E051-4562-B4BF-A271262ABC17}.Debug|Any CPU.ActiveCfg = Debug|Any CPU
		{3880D800-E051-4562-B4BF-A271262ABC17}.Debug|Any CPU.Build.0 = Debug|Any CPU
		{3880D800-E051-4562-B4BF-A271262ABC17}.Release|Any CPU.ActiveCfg = Release|Any CPU
		{3880D800-E051-4562-B4BF-A271262ABC17}.Release|Any CPU.Build.0 = Release|Any CPU
		{606DCCAA-B04C-4503-9F0C-4CBDFDD20584}.Debug|Any CPU.ActiveCfg = Debug|Any CPU
		{606DCCAA-B04C-4503-9F0C-4CBDFDD20584}.Debug|Any CPU.Build.0 = Debug|Any CPU
		{606DCCAA-B04C-4503-9F0C-4CBDFDD20584}.Release|Any CPU.ActiveCfg = Release|Any CPU
		{606DCCAA-B04C-4503-9F0C-4CBDFDD20584}.Release|Any CPU.Build.0 = Release|Any CPU
		{F9900656-2B1B-416E-A9B2-7CC6C313F5E4}.Debug|Any CPU.ActiveCfg = Debug|Any CPU
		{F9900656-2B1B-416E-A9B2-7CC6C313F5E4}.Debug|Any CPU.Build.0 = Debug|Any CPU
		{F9900656-2B1B-416E-A9B2-7CC6C313F5E4}.Release|Any CPU.ActiveCfg = Release|Any CPU
		{F9900656-2B1B-416E-A9B2-7CC6C313F5E4}.Release|Any CPU.Build.0 = Release|Any CPU
	EndGlobalSection
	GlobalSection(SolutionProperties) = preSolution
		HideSolutionNode = FALSE
	EndGlobalSection
	GlobalSection(ExtensibilityGlobals) = postSolution
		SolutionGuid = {3E8E957C-F141-47A2-B5B3-118348C70DE0}
	EndGlobalSection
EndGlobal
